{
  "version": "3",
  "packages": {
    "specifiers": {
      "jsr:@deno/cache-dir@0.8": "jsr:@deno/cache-dir@0.8.0",
      "jsr:@std/assert@^0.218.2": "jsr:@std/assert@0.218.2",
      "jsr:@std/bytes@^0.218.2": "jsr:@std/bytes@0.218.2",
      "jsr:@std/fmt@^0.218.2": "jsr:@std/fmt@0.218.2",
      "jsr:@std/fs@^0.218.2": "jsr:@std/fs@0.218.2",
      "jsr:@std/io@^0.218.2": "jsr:@std/io@0.218.2",
      "jsr:@std/path@^0.218.2": "jsr:@std/path@0.218.2",
      "npm:@types/node": "npm:@types/node@18.16.19",
      "npm:i18n": "npm:i18n@0.15.1",
      "npm:jsonc": "npm:jsonc@2.0.0",
      "npm:reflect-metadata": "npm:reflect-metadata@0.2.2",
      "npm:rollup@^4.18.0": "npm:rollup@4.18.0",
      "npm:source-map-support": "npm:source-map-support@0.5.21",
      "npm:tsyringe": "npm:tsyringe@4.8.0",
      "npm:typescript": "npm:typescript@5.4.5",
      "npm:winston": "npm:winston@3.13.0",
      "npm:ws": "npm:ws@8.17.0"
    },
    "jsr": {
      "@deno/cache-dir@0.8.0": {
        "integrity": "e87e80a404958f6350d903e6238b72afb92468378b0b32111f7a1e4916ac7fe7",
        "dependencies": [
          "jsr:@std/fmt@^0.218.2",
          "jsr:@std/fs@^0.218.2",
          "jsr:@std/io@^0.218.2",
          "jsr:@std/path@^0.218.2"
        ]
      },
      "@std/assert@0.218.2": {
        "integrity": "7f0a5a1a8cf86607cd6c2c030584096e1ffad27fc9271429a8cb48cfbdee5eaf"
      },
      "@std/bytes@0.218.2": {
        "integrity": "91fe54b232dcca73856b79a817247f4a651dbb60d51baafafb6408c137241670"
      },
      "@std/fmt@0.218.2": {
        "integrity": "99526449d2505aa758b6cbef81e7dd471d8b28ec0dcb1491d122b284c548788a"
      },
      "@std/fs@0.218.2": {
        "integrity": "dd9431453f7282e8c577cc22c9e6d036055a9a980b5549f887d6012969fabcca"
      },
      "@std/io@0.218.2": {
        "integrity": "c64fbfa087b7c9d4d386c5672f291f607d88cb7d44fc299c20c713e345f2785f",
        "dependencies": [
          "jsr:@std/assert@^0.218.2",
          "jsr:@std/bytes@^0.218.2"
        ]
      },
      "@std/path@0.218.2": {
        "integrity": "b568fd923d9e53ad76d17c513e7310bda8e755a3e825e6289a0ce536404e2662",
        "dependencies": [
          "jsr:@std/assert@^0.218.2"
        ]
      }
    },
    "npm": {
      "@colors/colors@1.6.0": {
        "integrity": "sha512-Ir+AOibqzrIsL6ajt3Rz3LskB7OiMVHqltZmspbW/TJuTVuyOMirVqAkjfY6JISiLHgyNqicAC8AyHHGzNd/dA==",
        "dependencies": {}
      },
      "@dabh/diagnostics@2.0.3": {
        "integrity": "sha512-hrlQOIi7hAfzsMqlGSFyVucrx38O+j6wiGOf//H2ecvIEqYN4ADBSS2iLMh5UFyDunCNniUIPk/q3riFv45xRA==",
        "dependencies": {
          "colorspace": "colorspace@1.1.4",
          "enabled": "enabled@2.0.0",
          "kuler": "kuler@2.0.0"
        }
      },
      "@messageformat/core@3.3.0": {
        "integrity": "sha512-YcXd3remTDdeMxAlbvW6oV9d/01/DZ8DHUFwSttO3LMzIZj3iO0NRw+u1xlsNNORFI+u0EQzD52ZX3+Udi0T3g==",
        "dependencies": {
          "@messageformat/date-skeleton": "@messageformat/date-skeleton@1.0.1",
          "@messageformat/number-skeleton": "@messageformat/number-skeleton@1.2.0",
          "@messageformat/parser": "@messageformat/parser@5.1.0",
          "@messageformat/runtime": "@messageformat/runtime@3.0.1",
          "make-plural": "make-plural@7.4.0",
          "safe-identifier": "safe-identifier@0.4.2"
        }
      },
      "@messageformat/date-skeleton@1.0.1": {
        "integrity": "sha512-jPXy8fg+WMPIgmGjxSlnGJn68h/2InfT0TNSkVx0IGXgp4ynnvYkbZ51dGWmGySEK+pBiYUttbQdu5XEqX5CRg==",
        "dependencies": {}
      },
      "@messageformat/number-skeleton@1.2.0": {
        "integrity": "sha512-xsgwcL7J7WhlHJ3RNbaVgssaIwcEyFkBqxHdcdaiJzwTZAWEOD8BuUFxnxV9k5S0qHN3v/KzUpq0IUpjH1seRg==",
        "dependencies": {}
      },
      "@messageformat/parser@5.1.0": {
        "integrity": "sha512-jKlkls3Gewgw6qMjKZ9SFfHUpdzEVdovKFtW1qRhJ3WI4FW5R/NnGDqr8SDGz+krWDO3ki94boMmQvGke1HwUQ==",
        "dependencies": {
          "moo": "moo@0.5.2"
        }
      },
      "@messageformat/runtime@3.0.1": {
        "integrity": "sha512-6RU5ol2lDtO8bD9Yxe6CZkl0DArdv0qkuoZC+ZwowU+cdRlVE1157wjCmlA5Rsf1Xc/brACnsZa5PZpEDfTFFg==",
        "dependencies": {
          "make-plural": "make-plural@7.4.0"
        }
      },
      "@rollup/rollup-android-arm-eabi@4.18.0": {
        "integrity": "sha512-Tya6xypR10giZV1XzxmH5wr25VcZSncG0pZIjfePT0OVBvqNEurzValetGNarVrGiq66EBVAFn15iYX4w6FKgQ==",
        "dependencies": {}
      },
      "@rollup/rollup-android-arm64@4.18.0": {
        "integrity": "sha512-avCea0RAP03lTsDhEyfy+hpfr85KfyTctMADqHVhLAF3MlIkq83CP8UfAHUssgXTYd+6er6PaAhx/QGv4L1EiA==",
        "dependencies": {}
      },
      "@rollup/rollup-darwin-arm64@4.18.0": {
        "integrity": "sha512-IWfdwU7KDSm07Ty0PuA/W2JYoZ4iTj3TUQjkVsO/6U+4I1jN5lcR71ZEvRh52sDOERdnNhhHU57UITXz5jC1/w==",
        "dependencies": {}
      },
      "@rollup/rollup-darwin-x64@4.18.0": {
        "integrity": "sha512-n2LMsUz7Ynu7DoQrSQkBf8iNrjOGyPLrdSg802vk6XT3FtsgX6JbE8IHRvposskFm9SNxzkLYGSq9QdpLYpRNA==",
        "dependencies": {}
      },
      "@rollup/rollup-linux-arm-gnueabihf@4.18.0": {
        "integrity": "sha512-C/zbRYRXFjWvz9Z4haRxcTdnkPt1BtCkz+7RtBSuNmKzMzp3ZxdM28Mpccn6pt28/UWUCTXa+b0Mx1k3g6NOMA==",
        "dependencies": {}
      },
      "@rollup/rollup-linux-arm-musleabihf@4.18.0": {
        "integrity": "sha512-l3m9ewPgjQSXrUMHg93vt0hYCGnrMOcUpTz6FLtbwljo2HluS4zTXFy2571YQbisTnfTKPZ01u/ukJdQTLGh9A==",
        "dependencies": {}
      },
      "@rollup/rollup-linux-arm64-gnu@4.18.0": {
        "integrity": "sha512-rJ5D47d8WD7J+7STKdCUAgmQk49xuFrRi9pZkWoRD1UeSMakbcepWXPF8ycChBoAqs1pb2wzvbY6Q33WmN2ftw==",
        "dependencies": {}
      },
      "@rollup/rollup-linux-arm64-musl@4.18.0": {
        "integrity": "sha512-be6Yx37b24ZwxQ+wOQXXLZqpq4jTckJhtGlWGZs68TgdKXJgw54lUUoFYrg6Zs/kjzAQwEwYbp8JxZVzZLRepQ==",
        "dependencies": {}
      },
      "@rollup/rollup-linux-powerpc64le-gnu@4.18.0": {
        "integrity": "sha512-hNVMQK+qrA9Todu9+wqrXOHxFiD5YmdEi3paj6vP02Kx1hjd2LLYR2eaN7DsEshg09+9uzWi2W18MJDlG0cxJA==",
        "dependencies": {}
      },
      "@rollup/rollup-linux-riscv64-gnu@4.18.0": {
        "integrity": "sha512-ROCM7i+m1NfdrsmvwSzoxp9HFtmKGHEqu5NNDiZWQtXLA8S5HBCkVvKAxJ8U+CVctHwV2Gb5VUaK7UAkzhDjlg==",
        "dependencies": {}
      },
      "@rollup/rollup-linux-s390x-gnu@4.18.0": {
        "integrity": "sha512-0UyyRHyDN42QL+NbqevXIIUnKA47A+45WyasO+y2bGJ1mhQrfrtXUpTxCOrfxCR4esV3/RLYyucGVPiUsO8xjg==",
        "dependencies": {}
      },
      "@rollup/rollup-linux-x64-gnu@4.18.0": {
        "integrity": "sha512-xuglR2rBVHA5UsI8h8UbX4VJ470PtGCf5Vpswh7p2ukaqBGFTnsfzxUBetoWBWymHMxbIG0Cmx7Y9qDZzr648w==",
        "dependencies": {}
      },
      "@rollup/rollup-linux-x64-musl@4.18.0": {
        "integrity": "sha512-LKaqQL9osY/ir2geuLVvRRs+utWUNilzdE90TpyoX0eNqPzWjRm14oMEE+YLve4k/NAqCdPkGYDaDF5Sw+xBfg==",
        "dependencies": {}
      },
      "@rollup/rollup-win32-arm64-msvc@4.18.0": {
        "integrity": "sha512-7J6TkZQFGo9qBKH0pk2cEVSRhJbL6MtfWxth7Y5YmZs57Pi+4x6c2dStAUvaQkHQLnEQv1jzBUW43GvZW8OFqA==",
        "dependencies": {}
      },
      "@rollup/rollup-win32-ia32-msvc@4.18.0": {
        "integrity": "sha512-Txjh+IxBPbkUB9+SXZMpv+b/vnTEtFyfWZgJ6iyCmt2tdx0OF5WhFowLmnh8ENGNpfUlUZkdI//4IEmhwPieNg==",
        "dependencies": {}
      },
      "@rollup/rollup-win32-x64-msvc@4.18.0": {
        "integrity": "sha512-UOo5FdvOL0+eIVTgS4tIdbW+TtnBLWg1YBCcU2KWM7nuNwRz9bksDX1bekJJCpu25N1DVWaCwnT39dVQxzqS8g==",
        "dependencies": {}
      },
      "@types/estree@1.0.5": {
        "integrity": "sha512-/kYRxGDLWzHOB7q+wtSUQlFrtcdUccpfy+X+9iMBpHK8QLLhx2wIPYuS5DYtR9Wa/YlZAbIovy7qVdB1Aq6Lyw==",
        "dependencies": {}
      },
      "@types/node@18.16.19": {
        "integrity": "sha512-IXl7o+R9iti9eBW4Wg2hx1xQDig183jj7YLn8F7udNceyfkbn1ZxmzZXuak20gR40D7pIkIY1kYGx5VIGbaHKA==",
        "dependencies": {}
      },
      "@types/triple-beam@1.3.5": {
        "integrity": "sha512-6WaYesThRMCl19iryMYP7/x2OVgCtbIVflDGFpWnb9irXI3UjYE4AzmYuiUKY1AJstGijoY+MgUszMgRxIYTYw==",
        "dependencies": {}
      },
      "async@3.2.5": {
        "integrity": "sha512-baNZyqaaLhyLVKm/DlvdW051MSgO6b8eVfIezl9E5PqWxFgzLm/wQntEW4zOytVburDEr0JlALEpdOFwvErLsg==",
        "dependencies": {}
      },
      "boolean@3.2.0": {
        "integrity": "sha512-d0II/GO9uf9lfUHH2BQsjxzRJZBdsjgsBiW4BvhWk/3qoKwQFjIDVN19PfX8F2D/r9PCMTtLWjYVCFrpeYUzsw==",
        "dependencies": {}
      },
      "buffer-from@1.1.2": {
        "integrity": "sha512-E+XQCRwSbaaiChtv6k6Dwgc+bx+Bs6vuKJHHl5kox/BaKbhiXzqQOwK4cO22yElGp2OCmjwVhT3HmxgyPGnJfQ==",
        "dependencies": {}
      },
      "color-convert@1.9.3": {
        "integrity": "sha512-QfAUtd+vFdAtFQcC8CCyYt1fYWxSqAiK2cSD6zDB8N3cpsEBAvRxp9zOGg6G/SHHJYAT88/az/IuDGALsNVbGg==",
        "dependencies": {
          "color-name": "color-name@1.1.3"
        }
      },
      "color-name@1.1.3": {
        "integrity": "sha512-72fSenhMw2HZMTVHeCA9KCmpEIbzWiQsjN+BHcBbS9vr1mtt+vJjPdksIBNUmKAW8TFUDPJK5SUU3QhE9NEXDw==",
        "dependencies": {}
      },
      "color-string@1.9.1": {
        "integrity": "sha512-shrVawQFojnZv6xM40anx4CkoDP+fZsw/ZerEMsW/pyzsRbElpsL/DBVW7q3ExxwusdNXI3lXpuhEZkzs8p5Eg==",
        "dependencies": {
          "color-name": "color-name@1.1.3",
          "simple-swizzle": "simple-swizzle@0.2.2"
        }
      },
      "color@3.2.1": {
        "integrity": "sha512-aBl7dZI9ENN6fUGC7mWpMTPNHmWUSNan9tuWN6ahh5ZLNk9baLJOnSMlrQkHcrfFgz2/RigjUVAjdx36VcemKA==",
        "dependencies": {
          "color-convert": "color-convert@1.9.3",
          "color-string": "color-string@1.9.1"
        }
      },
      "colorspace@1.1.4": {
        "integrity": "sha512-BgvKJiuVu1igBUF2kEjRCZXol6wiiGbY5ipL/oVPwm0BL9sIpMIzM8IK7vwuxIIzOXMV3Ey5w+vxhm0rR/TN8w==",
        "dependencies": {
          "color": "color@3.2.1",
          "text-hex": "text-hex@1.0.0"
        }
      },
      "debug@4.3.4": {
        "integrity": "sha512-PRWFHuSU3eDtQJPvnNY7Jcket1j0t5OuOsFzPPzsekD52Zl8qUfFIPEiswXqIvHWGVHOgX+7G/vCNNhehwxfkQ==",
        "dependencies": {
          "ms": "ms@2.1.2"
        }
      },
      "enabled@2.0.0": {
        "integrity": "sha512-AKrN98kuwOzMIdAizXGI86UFBoo26CL21UM763y1h/GMSJ4/OHU9k2YlsmBpyScFo/wbLzWQJBMCW4+IO3/+OQ==",
        "dependencies": {}
      },
      "error-ex@1.3.2": {
        "integrity": "sha512-7dFHNmqeFSEt2ZBsCriorKnn3Z2pj+fd9kmI6QoWw4//DL+icEBfc0U7qJCisqrTsKTjw4fNFy2pW9OqStD84g==",
        "dependencies": {
          "is-arrayish": "is-arrayish@0.2.1"
        }
      },
      "fast-printf@1.6.9": {
        "integrity": "sha512-FChq8hbz65WMj4rstcQsFB0O7Cy++nmbNfLYnD9cYv2cRn8EG6k/MGn9kO/tjO66t09DLDugj3yL+V2o6Qftrg==",
        "dependencies": {
          "boolean": "boolean@3.2.0"
        }
      },
      "fast-safe-stringify@2.1.1": {
        "integrity": "sha512-W+KJc2dmILlPplD/H4K9l9LcAHAfPtP6BY84uVLXQ6Evcz9Lcg33Y2z1IVblT6xdY54PXYVHEv+0Wpq8Io6zkA==",
        "dependencies": {}
      },
      "fecha@4.2.3": {
        "integrity": "sha512-OP2IUU6HeYKJi3i0z4A19kHMQoLVs4Hc+DPqqxI2h/DPZHTm/vjsfC6P0b4jCMy14XizLBqvndQ+UilD7707Jw==",
        "dependencies": {}
      },
      "fn.name@1.1.0": {
        "integrity": "sha512-GRnmB5gPyJpAhTQdSZTSp9uaPSvl09KoYcMQtsB9rQoOmzs9dH6ffeccH+Z+cv6P68Hu5bC6JjRh4Ah/mHSNRw==",
        "dependencies": {}
      },
      "fsevents@2.3.3": {
        "integrity": "sha512-5xoDfX+fL7faATnagmWPpbFtwh/R77WmMMqqHGS65C3vvB0YHrgF+B1YmZ3441tMj5n63k0212XNoJwzlhffQw==",
        "dependencies": {}
      },
      "graceful-fs@4.2.11": {
        "integrity": "sha512-RbJ5/jmFcNNCcDV5o9eTnBLJ/HszWV0P73bc+Ff4nS/rJj+YaS6IGyiOL0VoBYX+l1Wrl3k63h/KrH+nhJ0XvQ==",
        "dependencies": {}
      },
      "i18n@0.15.1": {
        "integrity": "sha512-yue187t8MqUPMHdKjiZGrX+L+xcUsDClGO0Cz4loaKUOK9WrGw5pgan4bv130utOwX7fHE9w2iUeHFalVQWkXA==",
        "dependencies": {
          "@messageformat/core": "@messageformat/core@3.3.0",
          "debug": "debug@4.3.4",
          "fast-printf": "fast-printf@1.6.9",
          "make-plural": "make-plural@7.4.0",
          "math-interval-parser": "math-interval-parser@2.0.1",
          "mustache": "mustache@4.2.0"
        }
      },
      "inherits@2.0.4": {
        "integrity": "sha512-k/vGaX4/Yla3WzyMCvTQOXYeIHvqOKtnqBduzTHpzpQZzAskKMhZ2K+EnBiSM9zGSoIFeMpXKxa4dYeZIQqewQ==",
        "dependencies": {}
      },
      "is-arrayish@0.2.1": {
        "integrity": "sha512-zz06S8t0ozoDXMG+ube26zeCTNXcKIPJZJi8hBrF4idCLms4CG9QtK7qBl1boi5ODzFpjswb5JPmHCbMpjaYzg==",
        "dependencies": {}
      },
      "is-arrayish@0.3.2": {
        "integrity": "sha512-eVRqCvVlZbuw3GrM63ovNSNAeA1K16kaR/LRY/92w0zxQ5/1YzwblUX652i4Xs9RwAGjW9d9y6X88t8OaAJfWQ==",
        "dependencies": {}
      },
      "is-stream@2.0.1": {
        "integrity": "sha512-hFoiJiTl63nn+kstHGBtewWSKnQLpyb155KHheA1l39uvtO9nWIop1p3udqPcUd/xbF1VLMO4n7OI6p7RbngDg==",
        "dependencies": {}
      },
      "json-parse-better-errors@1.0.2": {
        "integrity": "sha512-mrqyZKfX5EhL7hvqcV6WG1yYjnjeuYDzDhhcAAUrq8Po85NBQBJP+ZDUT75qZQ98IkUoBqdkExkukOU7Ts2wrw==",
        "dependencies": {}
      },
      "jsonc@2.0.0": {
        "integrity": "sha512-B281bLCT2TRMQa+AQUQY5AGcqSOXBOKaYGP4wDzoA/+QswUfN8sODektbPEs9Baq7LGKun5jQbNFpzwGuVYKhw==",
        "dependencies": {
          "fast-safe-stringify": "fast-safe-stringify@2.1.1",
          "graceful-fs": "graceful-fs@4.2.11",
          "mkdirp": "mkdirp@0.5.6",
          "parse-json": "parse-json@4.0.0",
          "strip-bom": "strip-bom@4.0.0",
          "strip-json-comments": "strip-json-comments@3.1.1"
        }
      },
      "kuler@2.0.0": {
        "integrity": "sha512-Xq9nH7KlWZmXAtodXDDRE7vs6DU1gTU8zYDHDiWLSip45Egwq3plLHzPn27NgvzL2r1LMPC1vdqh98sQxtqj4A==",
        "dependencies": {}
      },
      "logform@2.6.0": {
        "integrity": "sha512-1ulHeNPp6k/LD8H91o7VYFBng5i1BDE7HoKxVbZiGFidS1Rj65qcywLxX+pVfAPoQJEjRdvKcusKwOupHCVOVQ==",
        "dependencies": {
          "@colors/colors": "@colors/colors@1.6.0",
          "@types/triple-beam": "@types/triple-beam@1.3.5",
          "fecha": "fecha@4.2.3",
          "ms": "ms@2.1.2",
          "safe-stable-stringify": "safe-stable-stringify@2.4.3",
          "triple-beam": "triple-beam@1.4.1"
        }
      },
      "make-plural@7.4.0": {
        "integrity": "sha512-4/gC9KVNTV6pvYg2gFeQYTW3mWaoJt7WZE5vrp1KnQDgW92JtYZnzmZT81oj/dUTqAIu0ufI2x3dkgu3bB1tYg==",
        "dependencies": {}
      },
      "math-interval-parser@2.0.1": {
        "integrity": "sha512-VmlAmb0UJwlvMyx8iPhXUDnVW1F9IrGEd9CIOmv+XL8AErCUUuozoDMrgImvnYt2A+53qVX/tPW6YJurMKYsvA==",
        "dependencies": {}
      },
      "minimist@1.2.8": {
        "integrity": "sha512-2yyAR8qBkN3YuheJanUpWC5U3bb5osDywNB8RzDVlDwDHbocAJveqqj1u8+SVD7jkWT4yvsHCpWqqWqAxb0zCA==",
        "dependencies": {}
      },
      "mkdirp@0.5.6": {
        "integrity": "sha512-FP+p8RB8OWpF3YZBCrP5gtADmtXApB5AMLn+vdyA+PyxCjrCs00mjyUozssO33cwDeT3wNGdLxJ5M//YqtHAJw==",
        "dependencies": {
          "minimist": "minimist@1.2.8"
        }
      },
      "moo@0.5.2": {
        "integrity": "sha512-iSAJLHYKnX41mKcJKjqvnAN9sf0LMDTXDEvFv+ffuRR9a1MIuXLjMNL6EsnDHSkKLTWNqQQ5uo61P4EbU4NU+Q==",
        "dependencies": {}
      },
      "ms@2.1.2": {
        "integrity": "sha512-sGkPx+VjMtmA6MX27oA4FBFELFCZZ4S4XqeGOXCv68tT+jb3vk/RyaKWP0PTKyWtmLSM0b+adUTEvbs1PEaH2w==",
        "dependencies": {}
      },
      "mustache@4.2.0": {
        "integrity": "sha512-71ippSywq5Yb7/tVYyGbkBggbU8H3u5Rz56fH60jGFgr8uHwxs+aSKeqmluIVzM0m0kB7xQjKS6qPfd0b2ZoqQ==",
        "dependencies": {}
      },
      "one-time@1.0.0": {
        "integrity": "sha512-5DXOiRKwuSEcQ/l0kGCF6Q3jcADFv5tSmRaJck/OqkVFcOzutB134KRSfF0xDrL39MNnqxbHBbUUcjZIhTgb2g==",
        "dependencies": {
          "fn.name": "fn.name@1.1.0"
        }
      },
      "parse-json@4.0.0": {
        "integrity": "sha512-aOIos8bujGN93/8Ox/jPLh7RwVnPEysynVFE+fQZyg6jKELEHwzgKdLRFHUgXJL6kylijVSBC4BvN9OmsB48Rw==",
        "dependencies": {
          "error-ex": "error-ex@1.3.2",
          "json-parse-better-errors": "json-parse-better-errors@1.0.2"
        }
      },
      "readable-stream@3.6.2": {
        "integrity": "sha512-9u/sniCrY3D5WdsERHzHE4G2YCXqoG5FTHUiCC4SIbr6XcLZBY05ya9EKjYek9O5xOAwjGq+1JdGBAS7Q9ScoA==",
        "dependencies": {
          "inherits": "inherits@2.0.4",
          "string_decoder": "string_decoder@1.3.0",
          "util-deprecate": "util-deprecate@1.0.2"
        }
      },
      "reflect-metadata@0.2.2": {
        "integrity": "sha512-urBwgfrvVP/eAyXx4hluJivBKzuEbSQs9rKWCrCkbSxNv8mxPcUZKeuoF3Uy4mJl3Lwprp6yy5/39VWigZ4K6Q==",
        "dependencies": {}
      },
      "rollup@4.18.0": {
        "integrity": "sha512-QmJz14PX3rzbJCN1SG4Xe/bAAX2a6NpCP8ab2vfu2GiUr8AQcr2nCV/oEO3yneFarB67zk8ShlIyWb2LGTb3Sg==",
        "dependencies": {
          "@rollup/rollup-android-arm-eabi": "@rollup/rollup-android-arm-eabi@4.18.0",
          "@rollup/rollup-android-arm64": "@rollup/rollup-android-arm64@4.18.0",
          "@rollup/rollup-darwin-arm64": "@rollup/rollup-darwin-arm64@4.18.0",
          "@rollup/rollup-darwin-x64": "@rollup/rollup-darwin-x64@4.18.0",
          "@rollup/rollup-linux-arm-gnueabihf": "@rollup/rollup-linux-arm-gnueabihf@4.18.0",
          "@rollup/rollup-linux-arm-musleabihf": "@rollup/rollup-linux-arm-musleabihf@4.18.0",
          "@rollup/rollup-linux-arm64-gnu": "@rollup/rollup-linux-arm64-gnu@4.18.0",
          "@rollup/rollup-linux-arm64-musl": "@rollup/rollup-linux-arm64-musl@4.18.0",
          "@rollup/rollup-linux-powerpc64le-gnu": "@rollup/rollup-linux-powerpc64le-gnu@4.18.0",
          "@rollup/rollup-linux-riscv64-gnu": "@rollup/rollup-linux-riscv64-gnu@4.18.0",
          "@rollup/rollup-linux-s390x-gnu": "@rollup/rollup-linux-s390x-gnu@4.18.0",
          "@rollup/rollup-linux-x64-gnu": "@rollup/rollup-linux-x64-gnu@4.18.0",
          "@rollup/rollup-linux-x64-musl": "@rollup/rollup-linux-x64-musl@4.18.0",
          "@rollup/rollup-win32-arm64-msvc": "@rollup/rollup-win32-arm64-msvc@4.18.0",
          "@rollup/rollup-win32-ia32-msvc": "@rollup/rollup-win32-ia32-msvc@4.18.0",
          "@rollup/rollup-win32-x64-msvc": "@rollup/rollup-win32-x64-msvc@4.18.0",
          "@types/estree": "@types/estree@1.0.5",
          "fsevents": "fsevents@2.3.3"
        }
      },
      "safe-buffer@5.2.1": {
        "integrity": "sha512-rp3So07KcdmmKbGvgaNxQSJr7bGVSVk5S9Eq1F+ppbRo70+YeaDxkw5Dd8NPN+GD6bjnYm2VuPuCXmpuYvmCXQ==",
        "dependencies": {}
      },
      "safe-identifier@0.4.2": {
        "integrity": "sha512-6pNbSMW6OhAi9j+N8V+U715yBQsaWJ7eyEUaOrawX+isg5ZxhUlV1NipNtgaKHmFGiABwt+ZF04Ii+3Xjkg+8w==",
        "dependencies": {}
      },
      "safe-stable-stringify@2.4.3": {
        "integrity": "sha512-e2bDA2WJT0wxseVd4lsDP4+3ONX6HpMXQa1ZhFQ7SU+GjvORCmShbCMltrtIDfkYhVHrOcPtj+KhmDBdPdZD1g==",
        "dependencies": {}
      },
      "simple-swizzle@0.2.2": {
        "integrity": "sha512-JA//kQgZtbuY83m+xT+tXJkmJncGMTFT+C+g2h2R9uxkYIrE2yy9sgmcLhCnw57/WSD+Eh3J97FPEDFnbXnDUg==",
        "dependencies": {
          "is-arrayish": "is-arrayish@0.3.2"
        }
      },
      "source-map-support@0.5.21": {
        "integrity": "sha512-uBHU3L3czsIyYXKX88fdrGovxdSCoTGDRZ6SYXtSRxLZUzHg5P/66Ht6uoUlHu9EZod+inXhKo3qQgwXUT/y1w==",
        "dependencies": {
          "buffer-from": "buffer-from@1.1.2",
          "source-map": "source-map@0.6.1"
        }
      },
      "source-map@0.6.1": {
        "integrity": "sha512-UjgapumWlbMhkBgzT7Ykc5YXUT46F0iKu8SGXq0bcwP5dz/h0Plj6enJqjz1Zbq2l5WaqYnrVbwWOWMyF3F47g==",
        "dependencies": {}
      },
      "stack-trace@0.0.10": {
        "integrity": "sha512-KGzahc7puUKkzyMt+IqAep+TVNbKP+k2Lmwhub39m1AsTSkaDutx56aDCo+HLDzf/D26BIHTJWNiTG1KAJiQCg==",
        "dependencies": {}
      },
      "string_decoder@1.3.0": {
        "integrity": "sha512-hkRX8U1WjJFd8LsDJ2yQ/wWWxaopEsABU1XfkM8A+j0+85JAGppt16cr1Whg6KIbb4okU6Mql6BOj+uup/wKeA==",
        "dependencies": {
          "safe-buffer": "safe-buffer@5.2.1"
        }
      },
      "strip-bom@4.0.0": {
        "integrity": "sha512-3xurFv5tEgii33Zi8Jtp55wEIILR9eh34FAW00PZf+JnSsTmV/ioewSgQl97JHvgjoRGwPShsWm+IdrxB35d0w==",
        "dependencies": {}
      },
      "strip-json-comments@3.1.1": {
        "integrity": "sha512-6fPc+R4ihwqP6N/aIv2f1gMH8lOVtWQHoqC4yK6oSDVVocumAsfCqjkXnqiYMhmMwS/mEHLp7Vehlt3ql6lEig==",
        "dependencies": {}
      },
      "text-hex@1.0.0": {
        "integrity": "sha512-uuVGNWzgJ4yhRaNSiubPY7OjISw4sw4E5Uv0wbjp+OzcbmVU/rsT8ujgcXJhn9ypzsgr5vlzpPqP+MBBKcGvbg==",
        "dependencies": {}
      },
      "triple-beam@1.4.1": {
        "integrity": "sha512-aZbgViZrg1QNcG+LULa7nhZpJTZSLm/mXnHXnbAbjmN5aSa0y7V+wvv6+4WaBtpISJzThKy+PIPxc1Nq1EJ9mg==",
        "dependencies": {}
      },
      "tslib@1.14.1": {
        "integrity": "sha512-Xni35NKzjgMrwevysHTCArtLDpPvye8zV/0E4EyYn43P7/7qvQwPh9BGkHewbMulVntbigmcT7rdX3BNo9wRJg==",
        "dependencies": {}
      },
      "tsyringe@4.8.0": {
        "integrity": "sha512-YB1FG+axdxADa3ncEtRnQCFq/M0lALGLxSZeVNbTU8NqhOVc51nnv2CISTcvc1kyv6EGPtXVr0v6lWeDxiijOA==",
        "dependencies": {
          "tslib": "tslib@1.14.1"
        }
      },
      "typescript@5.4.5": {
        "integrity": "sha512-vcI4UpRgg81oIRUFwR0WSIHKt11nJ7SAVlYNIu+QpqeyXP+gpQJy/Z4+F0aGxSE4MqwjyXvW/TzgkLAx2AGHwQ==",
        "dependencies": {}
      },
      "util-deprecate@1.0.2": {
        "integrity": "sha512-EPD5q1uXyFxJpCrLnCc1nHnq3gOa6DZBocAIiI2TaSCA7VCJ1UJDMagCzIkXNsUYfD1daK//LTEQ8xiIbrHtcw==",
        "dependencies": {}
      },
      "winston-transport@4.7.0": {
        "integrity": "sha512-ajBj65K5I7denzer2IYW6+2bNIVqLGDHqDw3Ow8Ohh+vdW+rv4MZ6eiDvHoKhfJFZ2auyN8byXieDDJ96ViONg==",
        "dependencies": {
          "logform": "logform@2.6.0",
          "readable-stream": "readable-stream@3.6.2",
          "triple-beam": "triple-beam@1.4.1"
        }
      },
      "winston@3.13.0": {
        "integrity": "sha512-rwidmA1w3SE4j0E5MuIufFhyJPBDG7Nu71RkZor1p2+qHvJSZ9GYDA81AyleQcZbh/+V6HjeBdfnTZJm9rSeQQ==",
        "dependencies": {
          "@colors/colors": "@colors/colors@1.6.0",
          "@dabh/diagnostics": "@dabh/diagnostics@2.0.3",
          "async": "async@3.2.5",
          "is-stream": "is-stream@2.0.1",
          "logform": "logform@2.6.0",
          "one-time": "one-time@1.0.0",
          "readable-stream": "readable-stream@3.6.2",
          "safe-stable-stringify": "safe-stable-stringify@2.4.3",
          "stack-trace": "stack-trace@0.0.10",
          "triple-beam": "triple-beam@1.4.1",
          "winston-transport": "winston-transport@4.7.0"
        }
      },
      "ws@8.17.0": {
        "integrity": "sha512-uJq6108EgZMAl20KagGkzCKfMEjxmKvZHG7Tlq0Z6nOky7YF7aq4mOx6xK8TJ/i1LeK4Qus7INktacctDgY8Ow==",
        "dependencies": {}
      }
    }
  },
  "remote": {
    "https://deno.land/std@0.186.0/_util/asserts.ts": "178dfc49a464aee693a7e285567b3d0b555dc805ff490505a8aae34f9cfb1462",
    "https://deno.land/std@0.186.0/_util/os.ts": "d932f56d41e4f6a6093d56044e29ce637f8dcc43c5a90af43504a889cf1775e3",
    "https://deno.land/std@0.186.0/path/_constants.ts": "e49961f6f4f48039c0dfed3c3f93e963ca3d92791c9d478ac5b43183413136e0",
    "https://deno.land/std@0.186.0/path/_interface.ts": "6471159dfbbc357e03882c2266d21ef9afdb1e4aa771b0545e90db58a0ba314b",
    "https://deno.land/std@0.186.0/path/_util.ts": "d7abb1e0dea065f427b89156e28cdeb32b045870acdf865833ba808a73b576d0",
    "https://deno.land/std@0.186.0/path/common.ts": "ee7505ab01fd22de3963b64e46cff31f40de34f9f8de1fff6a1bd2fe79380000",
    "https://deno.land/std@0.186.0/path/glob.ts": "d479e0a695621c94d3fd7fe7abd4f9499caf32a8de13f25073451c6ef420a4e1",
    "https://deno.land/std@0.186.0/path/mod.ts": "ee161baec5ded6510ee1d1fb6a75a0f5e4b41f3f3301c92c716ecbdf7dae910d",
    "https://deno.land/std@0.186.0/path/posix.ts": "8b7c67ac338714b30c816079303d0285dd24af6b284f7ad63da5b27372a2c94d",
    "https://deno.land/std@0.186.0/path/separator.ts": "0fb679739d0d1d7bf45b68dacfb4ec7563597a902edbaf3c59b50d5bcadd93b1",
    "https://deno.land/std@0.186.0/path/win32.ts": "d186344e5583bcbf8b18af416d13d82b35a317116e6460a5a3953508c3de5bba",
    "https://deno.land/x/eav@1.0.1/mod.ts": "6c7f390559be2e7b68e49f7b36ffe46cbe21aca17ac1859c73cbf1023a845cca",
    "https://deno.land/x/emit@0.40.0/_utils.ts": "98412edc7aa29e77d592b54fbad00bdec1b05d0c25eb772a5f8edc9813e08d88",
    "https://deno.land/x/emit@0.40.0/emit.generated.js": "65621c730ae9e4e818a3f83913562101dc9a371befbdb44d81e09a1532af5089",
    "https://deno.land/x/emit@0.40.0/mod.ts": "04b1818a60d6f85ca991bc4369634ea55d51388c4154b0100dfbe3c9684e2318"
  },
  "workspace": {
    "packageJson": {
      "dependencies": [
        "npm:@types/node@20.11",
        "npm:@typescript-eslint/eslint-plugin@7.2",
        "npm:@typescript-eslint/parser@7.2",
        "npm:archiver@^6.0",
        "npm:esbuild@0.21.4",
        "npm:eslint@8.57",
        "npm:fs-extra@11.2",
        "npm:ignore@^5.2",
        "npm:os@^0.1",
        "npm:rollup@^4.18.0",
        "npm:tsyringe@4.8.0",
        "npm:typescript@5.4",
        "npm:winston@3.12"
      ]
    }
  }
}
